// !$*UTF8*$!
{
	archiveVersion = 1;
	classes = {
	};
	objectVersion = 51;
	objects = {

/* Begin PBXBuildFile section */
		23D5ADEB75DE48AB88207CBF /* Pods_NoraONITests.framework in Frameworks */ = {isa = PBXBuildFile; fileRef = 05ABE9C2076160174FA7E2FB /* Pods_NoraONITests.framework */; };
		45819A618A14F4E8586068F3 /* Pods_NoraONI.framework in Frameworks */ = {isa = PBXBuildFile; fileRef = A9AF7F1CCC4AE4FB44821F8E /* Pods_NoraONI.framework */; };
		F2B028E9251B5D550063ECD4 /* SettingRuleViewController.swift in Sources */ = {isa = PBXBuildFile; fileRef = F2B028E8251B5D550063ECD4 /* SettingRuleViewController.swift */; };
		F2FF3275251B17FA00AEF4F4 /* AppDelegate.swift in Sources */ = {isa = PBXBuildFile; fileRef = F2FF3274251B17FA00AEF4F4 /* AppDelegate.swift */; };
		F2FF3277251B17FA00AEF4F4 /* SceneDelegate.swift in Sources */ = {isa = PBXBuildFile; fileRef = F2FF3276251B17FA00AEF4F4 /* SceneDelegate.swift */; };
		F2FF327C251B17FA00AEF4F4 /* Main.storyboard in Resources */ = {isa = PBXBuildFile; fileRef = F2FF327A251B17FA00AEF4F4 /* Main.storyboard */; };
		F2FF327E251B17FC00AEF4F4 /* Assets.xcassets in Resources */ = {isa = PBXBuildFile; fileRef = F2FF327D251B17FC00AEF4F4 /* Assets.xcassets */; };
		F2FF3281251B17FC00AEF4F4 /* LaunchScreen.storyboard in Resources */ = {isa = PBXBuildFile; fileRef = F2FF327F251B17FC00AEF4F4 /* LaunchScreen.storyboard */; };
		F2FF328C251B17FC00AEF4F4 /* NoraONITests.swift in Sources */ = {isa = PBXBuildFile; fileRef = F2FF328B251B17FC00AEF4F4 /* NoraONITests.swift */; };
		F2FF3297251B17FC00AEF4F4 /* NoraONIUITests.swift in Sources */ = {isa = PBXBuildFile; fileRef = F2FF3296251B17FC00AEF4F4 /* NoraONIUITests.swift */; };
		F2FF32D2251B1BF700AEF4F4 /* CreateMemberViewController.swift in Sources */ = {isa = PBXBuildFile; fileRef = F2FF32D1251B1BF700AEF4F4 /* CreateMemberViewController.swift */; };
		F2FF32E6251B4A0900AEF4F4 /* MemberListViewController.swift in Sources */ = {isa = PBXBuildFile; fileRef = F2FF32E5251B4A0900AEF4F4 /* MemberListViewController.swift */; };
		F870B4FE3107A5C97A280B3C /* Pods_NoraONI_NoraONIUITests.framework in Frameworks */ = {isa = PBXBuildFile; fileRef = 5DDD93F94CC05BB3420B5B65 /* Pods_NoraONI_NoraONIUITests.framework */; };
/* End PBXBuildFile section */

/* Begin PBXContainerItemProxy section */
		F2FF3288251B17FC00AEF4F4 /* PBXContainerItemProxy */ = {
			isa = PBXContainerItemProxy;
			containerPortal = F2FF3269251B17FA00AEF4F4 /* Project object */;
			proxyType = 1;
			remoteGlobalIDString = F2FF3270251B17FA00AEF4F4;
			remoteInfo = NoraONI;
		};
		F2FF3293251B17FC00AEF4F4 /* PBXContainerItemProxy */ = {
			isa = PBXContainerItemProxy;
			containerPortal = F2FF3269251B17FA00AEF4F4 /* Project object */;
			proxyType = 1;
			remoteGlobalIDString = F2FF3270251B17FA00AEF4F4;
			remoteInfo = NoraONI;
		};
/* End PBXContainerItemProxy section */

/* Begin PBXFileReference section */
		05ABE9C2076160174FA7E2FB /* Pods_NoraONITests.framework */ = {isa = PBXFileReference; explicitFileType = wrapper.framework; includeInIndex = 0; path = Pods_NoraONITests.framework; sourceTree = BUILT_PRODUCTS_DIR; };
		0F6CE6C55709E8511A173A09 /* Pods-NoraONI-NoraONIUITests.release.xcconfig */ = {isa = PBXFileReference; includeInIndex = 1; lastKnownFileType = text.xcconfig; name = "Pods-NoraONI-NoraONIUITests.release.xcconfig"; path = "Target Support Files/Pods-NoraONI-NoraONIUITests/Pods-NoraONI-NoraONIUITests.release.xcconfig"; sourceTree = "<group>"; };
		1FB5A323FC3B77675396D1C1 /* Pods-NoraONI-NoraONIUITests.debug.xcconfig */ = {isa = PBXFileReference; includeInIndex = 1; lastKnownFileType = text.xcconfig; name = "Pods-NoraONI-NoraONIUITests.debug.xcconfig"; path = "Target Support Files/Pods-NoraONI-NoraONIUITests/Pods-NoraONI-NoraONIUITests.debug.xcconfig"; sourceTree = "<group>"; };
		25713B29E0C68FCC32A62743 /* Pods-NoraONITests.debug.xcconfig */ = {isa = PBXFileReference; includeInIndex = 1; lastKnownFileType = text.xcconfig; name = "Pods-NoraONITests.debug.xcconfig"; path = "Target Support Files/Pods-NoraONITests/Pods-NoraONITests.debug.xcconfig"; sourceTree = "<group>"; };
		5DDD93F94CC05BB3420B5B65 /* Pods_NoraONI_NoraONIUITests.framework */ = {isa = PBXFileReference; explicitFileType = wrapper.framework; includeInIndex = 0; path = Pods_NoraONI_NoraONIUITests.framework; sourceTree = BUILT_PRODUCTS_DIR; };
		931EB3A3CC030C323E0D0319 /* Pods-NoraONI.debug.xcconfig */ = {isa = PBXFileReference; includeInIndex = 1; lastKnownFileType = text.xcconfig; name = "Pods-NoraONI.debug.xcconfig"; path = "Target Support Files/Pods-NoraONI/Pods-NoraONI.debug.xcconfig"; sourceTree = "<group>"; };
		A9AF7F1CCC4AE4FB44821F8E /* Pods_NoraONI.framework */ = {isa = PBXFileReference; explicitFileType = wrapper.framework; includeInIndex = 0; path = Pods_NoraONI.framework; sourceTree = BUILT_PRODUCTS_DIR; };
		BC11CDBF33637D0EE54A0C1D /* Pods-NoraONITests.release.xcconfig */ = {isa = PBXFileReference; includeInIndex = 1; lastKnownFileType = text.xcconfig; name = "Pods-NoraONITests.release.xcconfig"; path = "Target Support Files/Pods-NoraONITests/Pods-NoraONITests.release.xcconfig"; sourceTree = "<group>"; };
		F2B028E8251B5D550063ECD4 /* SettingRuleViewController.swift */ = {isa = PBXFileReference; lastKnownFileType = sourcecode.swift; path = SettingRuleViewController.swift; sourceTree = "<group>"; };
		F2FF3271251B17FA00AEF4F4 /* NoraONI.app */ = {isa = PBXFileReference; explicitFileType = wrapper.application; includeInIndex = 0; path = NoraONI.app; sourceTree = BUILT_PRODUCTS_DIR; };
		F2FF3274251B17FA00AEF4F4 /* AppDelegate.swift */ = {isa = PBXFileReference; lastKnownFileType = sourcecode.swift; path = AppDelegate.swift; sourceTree = "<group>"; };
		F2FF3276251B17FA00AEF4F4 /* SceneDelegate.swift */ = {isa = PBXFileReference; lastKnownFileType = sourcecode.swift; path = SceneDelegate.swift; sourceTree = "<group>"; };
		F2FF327B251B17FA00AEF4F4 /* Base */ = {isa = PBXFileReference; lastKnownFileType = file.storyboard; name = Base; path = Base.lproj/Main.storyboard; sourceTree = "<group>"; };
		F2FF327D251B17FC00AEF4F4 /* Assets.xcassets */ = {isa = PBXFileReference; lastKnownFileType = folder.assetcatalog; path = Assets.xcassets; sourceTree = "<group>"; };
		F2FF3280251B17FC00AEF4F4 /* Base */ = {isa = PBXFileReference; lastKnownFileType = file.storyboard; name = Base; path = Base.lproj/LaunchScreen.storyboard; sourceTree = "<group>"; };
		F2FF3282251B17FC00AEF4F4 /* Info.plist */ = {isa = PBXFileReference; lastKnownFileType = text.plist.xml; path = Info.plist; sourceTree = "<group>"; };
		F2FF3287251B17FC00AEF4F4 /* NoraONITests.xctest */ = {isa = PBXFileReference; explicitFileType = wrapper.cfbundle; includeInIndex = 0; path = NoraONITests.xctest; sourceTree = BUILT_PRODUCTS_DIR; };
		F2FF328B251B17FC00AEF4F4 /* NoraONITests.swift */ = {isa = PBXFileReference; lastKnownFileType = sourcecode.swift; path = NoraONITests.swift; sourceTree = "<group>"; };
		F2FF328D251B17FC00AEF4F4 /* Info.plist */ = {isa = PBXFileReference; lastKnownFileType = text.plist.xml; path = Info.plist; sourceTree = "<group>"; };
		F2FF3292251B17FC00AEF4F4 /* NoraONIUITests.xctest */ = {isa = PBXFileReference; explicitFileType = wrapper.cfbundle; includeInIndex = 0; path = NoraONIUITests.xctest; sourceTree = BUILT_PRODUCTS_DIR; };
		F2FF3296251B17FC00AEF4F4 /* NoraONIUITests.swift */ = {isa = PBXFileReference; lastKnownFileType = sourcecode.swift; path = NoraONIUITests.swift; sourceTree = "<group>"; };
		F2FF3298251B17FC00AEF4F4 /* Info.plist */ = {isa = PBXFileReference; lastKnownFileType = text.plist.xml; path = Info.plist; sourceTree = "<group>"; };
		F2FF32D1251B1BF700AEF4F4 /* CreateMemberViewController.swift */ = {isa = PBXFileReference; lastKnownFileType = sourcecode.swift; path = CreateMemberViewController.swift; sourceTree = "<group>"; };
		F2FF32E5251B4A0900AEF4F4 /* MemberListViewController.swift */ = {isa = PBXFileReference; lastKnownFileType = sourcecode.swift; path = MemberListViewController.swift; sourceTree = "<group>"; };
		FF9A8CBD2BAB70F3DED71903 /* Pods-NoraONI.release.xcconfig */ = {isa = PBXFileReference; includeInIndex = 1; lastKnownFileType = text.xcconfig; name = "Pods-NoraONI.release.xcconfig"; path = "Target Support Files/Pods-NoraONI/Pods-NoraONI.release.xcconfig"; sourceTree = "<group>"; };
/* End PBXFileReference section */

/* Begin PBXFrameworksBuildPhase section */
		F2FF326E251B17FA00AEF4F4 /* Frameworks */ = {
			isa = PBXFrameworksBuildPhase;
			buildActionMask = 2147483647;
			files = (
				45819A618A14F4E8586068F3 /* Pods_NoraONI.framework in Frameworks */,
			);
			runOnlyForDeploymentPostprocessing = 0;
		};
		F2FF3284251B17FC00AEF4F4 /* Frameworks */ = {
			isa = PBXFrameworksBuildPhase;
			buildActionMask = 2147483647;
			files = (
				23D5ADEB75DE48AB88207CBF /* Pods_NoraONITests.framework in Frameworks */,
			);
			runOnlyForDeploymentPostprocessing = 0;
		};
		F2FF328F251B17FC00AEF4F4 /* Frameworks */ = {
			isa = PBXFrameworksBuildPhase;
			buildActionMask = 2147483647;
			files = (
				F870B4FE3107A5C97A280B3C /* Pods_NoraONI_NoraONIUITests.framework in Frameworks */,
			);
			runOnlyForDeploymentPostprocessing = 0;
		};
/* End PBXFrameworksBuildPhase section */

/* Begin PBXGroup section */
		0CF9DFE07CAD9CFBDC5F8A82 /* Pods */ = {
			isa = PBXGroup;
			children = (
				931EB3A3CC030C323E0D0319 /* Pods-NoraONI.debug.xcconfig */,
				FF9A8CBD2BAB70F3DED71903 /* Pods-NoraONI.release.xcconfig */,
				1FB5A323FC3B77675396D1C1 /* Pods-NoraONI-NoraONIUITests.debug.xcconfig */,
				0F6CE6C55709E8511A173A09 /* Pods-NoraONI-NoraONIUITests.release.xcconfig */,
				25713B29E0C68FCC32A62743 /* Pods-NoraONITests.debug.xcconfig */,
				BC11CDBF33637D0EE54A0C1D /* Pods-NoraONITests.release.xcconfig */,
			);
			path = Pods;
			sourceTree = "<group>";
		};
		62F97AFB5EAC9C831B3B387F /* Frameworks */ = {
			isa = PBXGroup;
			children = (
				A9AF7F1CCC4AE4FB44821F8E /* Pods_NoraONI.framework */,
				5DDD93F94CC05BB3420B5B65 /* Pods_NoraONI_NoraONIUITests.framework */,
				05ABE9C2076160174FA7E2FB /* Pods_NoraONITests.framework */,
			);
			name = Frameworks;
			sourceTree = "<group>";
		};
		F2FF3268251B17FA00AEF4F4 = {
			isa = PBXGroup;
			children = (
				F2FF3273251B17FA00AEF4F4 /* NoraONI */,
				F2FF328A251B17FC00AEF4F4 /* NoraONITests */,
				F2FF3295251B17FC00AEF4F4 /* NoraONIUITests */,
				F2FF3272251B17FA00AEF4F4 /* Products */,
				0CF9DFE07CAD9CFBDC5F8A82 /* Pods */,
				62F97AFB5EAC9C831B3B387F /* Frameworks */,
			);
			sourceTree = "<group>";
		};
		F2FF3272251B17FA00AEF4F4 /* Products */ = {
			isa = PBXGroup;
			children = (
				F2FF3271251B17FA00AEF4F4 /* NoraONI.app */,
				F2FF3287251B17FC00AEF4F4 /* NoraONITests.xctest */,
				F2FF3292251B17FC00AEF4F4 /* NoraONIUITests.xctest */,
			);
			name = Products;
			sourceTree = "<group>";
		};
		F2FF3273251B17FA00AEF4F4 /* NoraONI */ = {
			isa = PBXGroup;
			children = (
				F2FF3274251B17FA00AEF4F4 /* AppDelegate.swift */,
				F2FF3276251B17FA00AEF4F4 /* SceneDelegate.swift */,
				F2FF32D1251B1BF700AEF4F4 /* CreateMemberViewController.swift */,
				F2FF32E5251B4A0900AEF4F4 /* MemberListViewController.swift */,
				F2B028E8251B5D550063ECD4 /* SettingRuleViewController.swift */,
				F2FF327A251B17FA00AEF4F4 /* Main.storyboard */,
				F2FF327D251B17FC00AEF4F4 /* Assets.xcassets */,
				F2FF327F251B17FC00AEF4F4 /* LaunchScreen.storyboard */,
				F2FF3282251B17FC00AEF4F4 /* Info.plist */,
			);
			path = NoraONI;
			sourceTree = "<group>";
		};
		F2FF328A251B17FC00AEF4F4 /* NoraONITests */ = {
			isa = PBXGroup;
			children = (
				F2FF328B251B17FC00AEF4F4 /* NoraONITests.swift */,
				F2FF328D251B17FC00AEF4F4 /* Info.plist */,
			);
			path = NoraONITests;
			sourceTree = "<group>";
		};
		F2FF3295251B17FC00AEF4F4 /* NoraONIUITests */ = {
			isa = PBXGroup;
			children = (
				F2FF3296251B17FC00AEF4F4 /* NoraONIUITests.swift */,
				F2FF3298251B17FC00AEF4F4 /* Info.plist */,
			);
			path = NoraONIUITests;
			sourceTree = "<group>";
		};
/* End PBXGroup section */

/* Begin PBXNativeTarget section */
		F2FF3270251B17FA00AEF4F4 /* NoraONI */ = {
			isa = PBXNativeTarget;
			buildConfigurationList = F2FF329B251B17FC00AEF4F4 /* Build configuration list for PBXNativeTarget "NoraONI" */;
			buildPhases = (
				4160FE57E73AB7E565A3064B /* [CP] Check Pods Manifest.lock */,
				F2FF326D251B17FA00AEF4F4 /* Sources */,
				F2FF326E251B17FA00AEF4F4 /* Frameworks */,
				F2FF326F251B17FA00AEF4F4 /* Resources */,
				6210F68F22A707F8C624D84D /* [CP] Embed Pods Frameworks */,
			);
			buildRules = (
			);
			dependencies = (
			);
			name = NoraONI;
			productName = NoraONI;
			productReference = F2FF3271251B17FA00AEF4F4 /* NoraONI.app */;
			productType = "com.apple.product-type.application";
		};
		F2FF3286251B17FC00AEF4F4 /* NoraONITests */ = {
			isa = PBXNativeTarget;
			buildConfigurationList = F2FF329E251B17FC00AEF4F4 /* Build configuration list for PBXNativeTarget "NoraONITests" */;
			buildPhases = (
				519F475846F85A8EA6C6AF70 /* [CP] Check Pods Manifest.lock */,
				F2FF3283251B17FC00AEF4F4 /* Sources */,
				F2FF3284251B17FC00AEF4F4 /* Frameworks */,
				F2FF3285251B17FC00AEF4F4 /* Resources */,
			);
			buildRules = (
			);
			dependencies = (
				F2FF3289251B17FC00AEF4F4 /* PBXTargetDependency */,
			);
			name = NoraONITests;
			productName = NoraONITests;
			productReference = F2FF3287251B17FC00AEF4F4 /* NoraONITests.xctest */;
			productType = "com.apple.product-type.bundle.unit-test";
		};
		F2FF3291251B17FC00AEF4F4 /* NoraONIUITests */ = {
			isa = PBXNativeTarget;
			buildConfigurationList = F2FF32A1251B17FC00AEF4F4 /* Build configuration list for PBXNativeTarget "NoraONIUITests" */;
			buildPhases = (
				38C406D7C2278BFD72A7E564 /* [CP] Check Pods Manifest.lock */,
				F2FF328E251B17FC00AEF4F4 /* Sources */,
				F2FF328F251B17FC00AEF4F4 /* Frameworks */,
				F2FF3290251B17FC00AEF4F4 /* Resources */,
				3DA598E361F4D0FF2D3455FB /* [CP] Embed Pods Frameworks */,
			);
			buildRules = (
			);
			dependencies = (
				F2FF3294251B17FC00AEF4F4 /* PBXTargetDependency */,
			);
			name = NoraONIUITests;
			productName = NoraONIUITests;
			productReference = F2FF3292251B17FC00AEF4F4 /* NoraONIUITests.xctest */;
			productType = "com.apple.product-type.bundle.ui-testing";
		};
/* End PBXNativeTarget section */

/* Begin PBXProject section */
		F2FF3269251B17FA00AEF4F4 /* Project object */ = {
			isa = PBXProject;
			attributes = {
				LastSwiftUpdateCheck = 1200;
				LastUpgradeCheck = 1200;
				TargetAttributes = {
					F2FF3270251B17FA00AEF4F4 = {
						CreatedOnToolsVersion = 12.0;
					};
					F2FF3286251B17FC00AEF4F4 = {
						CreatedOnToolsVersion = 12.0;
						TestTargetID = F2FF3270251B17FA00AEF4F4;
					};
					F2FF3291251B17FC00AEF4F4 = {
						CreatedOnToolsVersion = 12.0;
						TestTargetID = F2FF3270251B17FA00AEF4F4;
					};
				};
			};
			buildConfigurationList = F2FF326C251B17FA00AEF4F4 /* Build configuration list for PBXProject "NoraONI" */;
			compatibilityVersion = "Xcode 9.3";
			developmentRegion = en;
			hasScannedForEncodings = 0;
			knownRegions = (
				en,
				Base,
			);
			mainGroup = F2FF3268251B17FA00AEF4F4;
			productRefGroup = F2FF3272251B17FA00AEF4F4 /* Products */;
			projectDirPath = "";
			projectRoot = "";
			targets = (
				F2FF3270251B17FA00AEF4F4 /* NoraONI */,
				F2FF3286251B17FC00AEF4F4 /* NoraONITests */,
				F2FF3291251B17FC00AEF4F4 /* NoraONIUITests */,
			);
		};
/* End PBXProject section */

/* Begin PBXResourcesBuildPhase section */
		F2FF326F251B17FA00AEF4F4 /* Resources */ = {
			isa = PBXResourcesBuildPhase;
			buildActionMask = 2147483647;
			files = (
				F2FF3281251B17FC00AEF4F4 /* LaunchScreen.storyboard in Resources */,
				F2FF327E251B17FC00AEF4F4 /* Assets.xcassets in Resources */,
				F2FF327C251B17FA00AEF4F4 /* Main.storyboard in Resources */,
			);
			runOnlyForDeploymentPostprocessing = 0;
		};
		F2FF3285251B17FC00AEF4F4 /* Resources */ = {
			isa = PBXResourcesBuildPhase;
			buildActionMask = 2147483647;
			files = (
			);
			runOnlyForDeploymentPostprocessing = 0;
		};
		F2FF3290251B17FC00AEF4F4 /* Resources */ = {
			isa = PBXResourcesBuildPhase;
			buildActionMask = 2147483647;
			files = (
			);
			runOnlyForDeploymentPostprocessing = 0;
		};
/* End PBXResourcesBuildPhase section */

/* Begin PBXShellScriptBuildPhase section */
		38C406D7C2278BFD72A7E564 /* [CP] Check Pods Manifest.lock */ = {
			isa = PBXShellScriptBuildPhase;
			buildActionMask = 2147483647;
			files = (
			);
			inputFileListPaths = (
			);
			inputPaths = (
				"${PODS_PODFILE_DIR_PATH}/Podfile.lock",
				"${PODS_ROOT}/Manifest.lock",
			);
			name = "[CP] Check Pods Manifest.lock";
			outputFileListPaths = (
			);
			outputPaths = (
				"$(DERIVED_FILE_DIR)/Pods-NoraONI-NoraONIUITests-checkManifestLockResult.txt",
			);
			runOnlyForDeploymentPostprocessing = 0;
			shellPath = /bin/sh;
			shellScript = "diff \"${PODS_PODFILE_DIR_PATH}/Podfile.lock\" \"${PODS_ROOT}/Manifest.lock\" > /dev/null\nif [ $? != 0 ] ; then\n    # print error to STDERR\n    echo \"error: The sandbox is not in sync with the Podfile.lock. Run 'pod install' or update your CocoaPods installation.\" >&2\n    exit 1\nfi\n# This output is used by Xcode 'outputs' to avoid re-running this script phase.\necho \"SUCCESS\" > \"${SCRIPT_OUTPUT_FILE_0}\"\n";
			showEnvVarsInLog = 0;
		};
		3DA598E361F4D0FF2D3455FB /* [CP] Embed Pods Frameworks */ = {
			isa = PBXShellScriptBuildPhase;
			buildActionMask = 2147483647;
			files = (
			);
			inputFileListPaths = (
				"${PODS_ROOT}/Target Support Files/Pods-NoraONI-NoraONIUITests/Pods-NoraONI-NoraONIUITests-frameworks-${CONFIGURATION}-input-files.xcfilelist",
			);
			name = "[CP] Embed Pods Frameworks";
			outputFileListPaths = (
				"${PODS_ROOT}/Target Support Files/Pods-NoraONI-NoraONIUITests/Pods-NoraONI-NoraONIUITests-frameworks-${CONFIGURATION}-output-files.xcfilelist",
			);
			runOnlyForDeploymentPostprocessing = 0;
			shellPath = /bin/sh;
			shellScript = "\"${PODS_ROOT}/Target Support Files/Pods-NoraONI-NoraONIUITests/Pods-NoraONI-NoraONIUITests-frameworks.sh\"\n";
			showEnvVarsInLog = 0;
		};
		4160FE57E73AB7E565A3064B /* [CP] Check Pods Manifest.lock */ = {
			isa = PBXShellScriptBuildPhase;
			buildActionMask = 2147483647;
			files = (
			);
			inputFileListPaths = (
			);
			inputPaths = (
				"${PODS_PODFILE_DIR_PATH}/Podfile.lock",
				"${PODS_ROOT}/Manifest.lock",
			);
			name = "[CP] Check Pods Manifest.lock";
			outputFileListPaths = (
			);
			outputPaths = (
				"$(DERIVED_FILE_DIR)/Pods-NoraONI-checkManifestLockResult.txt",
			);
			runOnlyForDeploymentPostprocessing = 0;
			shellPath = /bin/sh;
			shellScript = "diff \"${PODS_PODFILE_DIR_PATH}/Podfile.lock\" \"${PODS_ROOT}/Manifest.lock\" > /dev/null\nif [ $? != 0 ] ; then\n    # print error to STDERR\n    echo \"error: The sandbox is not in sync with the Podfile.lock. Run 'pod install' or update your CocoaPods installation.\" >&2\n    exit 1\nfi\n# This output is used by Xcode 'outputs' to avoid re-running this script phase.\necho \"SUCCESS\" > \"${SCRIPT_OUTPUT_FILE_0}\"\n";
			showEnvVarsInLog = 0;
		};
		519F475846F85A8EA6C6AF70 /* [CP] Check Pods Manifest.lock */ = {
			isa = PBXShellScriptBuildPhase;
			buildActionMask = 2147483647;
			files = (
			);
			inputFileListPaths = (
			);
			inputPaths = (
				"${PODS_PODFILE_DIR_PATH}/Podfile.lock",
				"${PODS_ROOT}/Manifest.lock",
			);
			name = "[CP] Check Pods Manifest.lock";
			outputFileListPaths = (
			);
			outputPaths = (
				"$(DERIVED_FILE_DIR)/Pods-NoraONITests-checkManifestLockResult.txt",
			);
			runOnlyForDeploymentPostprocessing = 0;
			shellPath = /bin/sh;
			shellScript = "diff \"${PODS_PODFILE_DIR_PATH}/Podfile.lock\" \"${PODS_ROOT}/Manifest.lock\" > /dev/null\nif [ $? != 0 ] ; then\n    # print error to STDERR\n    echo \"error: The sandbox is not in sync with the Podfile.lock. Run 'pod install' or update your CocoaPods installation.\" >&2\n    exit 1\nfi\n# This output is used by Xcode 'outputs' to avoid re-running this script phase.\necho \"SUCCESS\" > \"${SCRIPT_OUTPUT_FILE_0}\"\n";
			showEnvVarsInLog = 0;
		};
		6210F68F22A707F8C624D84D /* [CP] Embed Pods Frameworks */ = {
			isa = PBXShellScriptBuildPhase;
			buildActionMask = 2147483647;
			files = (
			);
			inputFileListPaths = (
				"${PODS_ROOT}/Target Support Files/Pods-NoraONI/Pods-NoraONI-frameworks-${CONFIGURATION}-input-files.xcfilelist",
			);
			name = "[CP] Embed Pods Frameworks";
			outputFileListPaths = (
				"${PODS_ROOT}/Target Support Files/Pods-NoraONI/Pods-NoraONI-frameworks-${CONFIGURATION}-output-files.xcfilelist",
			);
			runOnlyForDeploymentPostprocessing = 0;
			shellPath = /bin/sh;
			shellScript = "\"${PODS_ROOT}/Target Support Files/Pods-NoraONI/Pods-NoraONI-frameworks.sh\"\n";
			showEnvVarsInLog = 0;
		};
/* End PBXShellScriptBuildPhase section */

/* Begin PBXSourcesBuildPhase section */
		F2FF326D251B17FA00AEF4F4 /* Sources */ = {
			isa = PBXSourcesBuildPhase;
			buildActionMask = 2147483647;
			files = (
				F2FF32E6251B4A0900AEF4F4 /* MemberListViewController.swift in Sources */,
				F2FF3275251B17FA00AEF4F4 /* AppDelegate.swift in Sources */,
				F2FF3277251B17FA00AEF4F4 /* SceneDelegate.swift in Sources */,
				F2FF32D2251B1BF700AEF4F4 /* CreateMemberViewController.swift in Sources */,
				F2B028E9251B5D550063ECD4 /* SettingRuleViewController.swift in Sources */,
			);
			runOnlyForDeploymentPostprocessing = 0;
		};
		F2FF3283251B17FC00AEF4F4 /* Sources */ = {
			isa = PBXSourcesBuildPhase;
			buildActionMask = 2147483647;
			files = (
				F2FF328C251B17FC00AEF4F4 /* NoraONITests.swift in Sources */,
			);
			runOnlyForDeploymentPostprocessing = 0;
		};
		F2FF328E251B17FC00AEF4F4 /* Sources */ = {
			isa = PBXSourcesBuildPhase;
			buildActionMask = 2147483647;
			files = (
				F2FF3297251B17FC00AEF4F4 /* NoraONIUITests.swift in Sources */,
			);
			runOnlyForDeploymentPostprocessing = 0;
		};
/* End PBXSourcesBuildPhase section */

/* Begin PBXTargetDependency section */
		F2FF3289251B17FC00AEF4F4 /* PBXTargetDependency */ = {
			isa = PBXTargetDependency;
			target = F2FF3270251B17FA00AEF4F4 /* NoraONI */;
			targetProxy = F2FF3288251B17FC00AEF4F4 /* PBXContainerItemProxy */;
		};
		F2FF3294251B17FC00AEF4F4 /* PBXTargetDependency */ = {
			isa = PBXTargetDependency;
			target = F2FF3270251B17FA00AEF4F4 /* NoraONI */;
			targetProxy = F2FF3293251B17FC00AEF4F4 /* PBXContainerItemProxy */;
		};
/* End PBXTargetDependency section */

/* Begin PBXVariantGroup section */
		F2FF327A251B17FA00AEF4F4 /* Main.storyboard */ = {
			isa = PBXVariantGroup;
			children = (
				F2FF327B251B17FA00AEF4F4 /* Base */,
			);
			name = Main.storyboard;
			sourceTree = "<group>";
		};
		F2FF327F251B17FC00AEF4F4 /* LaunchScreen.storyboard */ = {
			isa = PBXVariantGroup;
			children = (
				F2FF3280251B17FC00AEF4F4 /* Base */,
			);
			name = LaunchScreen.storyboard;
			sourceTree = "<group>";
		};
/* End PBXVariantGroup section */

/* Begin XCBuildConfiguration section */
		F2FF3299251B17FC00AEF4F4 /* Debug */ = {
			isa = XCBuildConfiguration;
			buildSettings = {
				ALWAYS_SEARCH_USER_PATHS = NO;
				CLANG_ANALYZER_NONNULL = YES;
				CLANG_ANALYZER_NUMBER_OBJECT_CONVERSION = YES_AGGRESSIVE;
				CLANG_CXX_LANGUAGE_STANDARD = "gnu++14";
				CLANG_CXX_LIBRARY = "libc++";
				CLANG_ENABLE_MODULES = YES;
				CLANG_ENABLE_OBJC_ARC = YES;
				CLANG_ENABLE_OBJC_WEAK = YES;
				CLANG_WARN_BLOCK_CAPTURE_AUTORELEASING = YES;
				CLANG_WARN_BOOL_CONVERSION = YES;
				CLANG_WARN_COMMA = YES;
				CLANG_WARN_CONSTANT_CONVERSION = YES;
				CLANG_WARN_DEPRECATED_OBJC_IMPLEMENTATIONS = YES;
				CLANG_WARN_DIRECT_OBJC_ISA_USAGE = YES_ERROR;
				CLANG_WARN_DOCUMENTATION_COMMENTS = YES;
				CLANG_WARN_EMPTY_BODY = YES;
				CLANG_WARN_ENUM_CONVERSION = YES;
				CLANG_WARN_INFINITE_RECURSION = YES;
				CLANG_WARN_INT_CONVERSION = YES;
				CLANG_WARN_NON_LITERAL_NULL_CONVERSION = YES;
				CLANG_WARN_OBJC_IMPLICIT_RETAIN_SELF = YES;
				CLANG_WARN_OBJC_LITERAL_CONVERSION = YES;
				CLANG_WARN_OBJC_ROOT_CLASS = YES_ERROR;
				CLANG_WARN_QUOTED_INCLUDE_IN_FRAMEWORK_HEADER = YES;
				CLANG_WARN_RANGE_LOOP_ANALYSIS = YES;
				CLANG_WARN_STRICT_PROTOTYPES = YES;
				CLANG_WARN_SUSPICIOUS_MOVE = YES;
				CLANG_WARN_UNGUARDED_AVAILABILITY = YES_AGGRESSIVE;
				CLANG_WARN_UNREACHABLE_CODE = YES;
				CLANG_WARN__DUPLICATE_METHOD_MATCH = YES;
				COPY_PHASE_STRIP = NO;
				DEBUG_INFORMATION_FORMAT = dwarf;
				ENABLE_STRICT_OBJC_MSGSEND = YES;
				ENABLE_TESTABILITY = YES;
				GCC_C_LANGUAGE_STANDARD = gnu11;
				GCC_DYNAMIC_NO_PIC = NO;
				GCC_NO_COMMON_BLOCKS = YES;
				GCC_OPTIMIZATION_LEVEL = 0;
				GCC_PREPROCESSOR_DEFINITIONS = (
					"DEBUG=1",
					"$(inherited)",
				);
				GCC_WARN_64_TO_32_BIT_CONVERSION = YES;
				GCC_WARN_ABOUT_RETURN_TYPE = YES_ERROR;
				GCC_WARN_UNDECLARED_SELECTOR = YES;
				GCC_WARN_UNINITIALIZED_AUTOS = YES_AGGRESSIVE;
				GCC_WARN_UNUSED_FUNCTION = YES;
				GCC_WARN_UNUSED_VARIABLE = YES;
				IPHONEOS_DEPLOYMENT_TARGET = 14.0;
				MTL_ENABLE_DEBUG_INFO = INCLUDE_SOURCE;
				MTL_FAST_MATH = YES;
				ONLY_ACTIVE_ARCH = YES;
				SDKROOT = iphoneos;
				SWIFT_ACTIVE_COMPILATION_CONDITIONS = DEBUG;
				SWIFT_OPTIMIZATION_LEVEL = "-Onone";
			};
			name = Debug;
		};
		F2FF329A251B17FC00AEF4F4 /* Release */ = {
			isa = XCBuildConfiguration;
			buildSettings = {
				ALWAYS_SEARCH_USER_PATHS = NO;
				CLANG_ANALYZER_NONNULL = YES;
				CLANG_ANALYZER_NUMBER_OBJECT_CONVERSION = YES_AGGRESSIVE;
				CLANG_CXX_LANGUAGE_STANDARD = "gnu++14";
				CLANG_CXX_LIBRARY = "libc++";
				CLANG_ENABLE_MODULES = YES;
				CLANG_ENABLE_OBJC_ARC = YES;
				CLANG_ENABLE_OBJC_WEAK = YES;
				CLANG_WARN_BLOCK_CAPTURE_AUTORELEASING = YES;
				CLANG_WARN_BOOL_CONVERSION = YES;
				CLANG_WARN_COMMA = YES;
				CLANG_WARN_CONSTANT_CONVERSION = YES;
				CLANG_WARN_DEPRECATED_OBJC_IMPLEMENTATIONS = YES;
				CLANG_WARN_DIRECT_OBJC_ISA_USAGE = YES_ERROR;
				CLANG_WARN_DOCUMENTATION_COMMENTS = YES;
				CLANG_WARN_EMPTY_BODY = YES;
				CLANG_WARN_ENUM_CONVERSION = YES;
				CLANG_WARN_INFINITE_RECURSION = YES;
				CLANG_WARN_INT_CONVERSION = YES;
				CLANG_WARN_NON_LITERAL_NULL_CONVERSION = YES;
				CLANG_WARN_OBJC_IMPLICIT_RETAIN_SELF = YES;
				CLANG_WARN_OBJC_LITERAL_CONVERSION = YES;
				CLANG_WARN_OBJC_ROOT_CLASS = YES_ERROR;
				CLANG_WARN_QUOTED_INCLUDE_IN_FRAMEWORK_HEADER = YES;
				CLANG_WARN_RANGE_LOOP_ANALYSIS = YES;
				CLANG_WARN_STRICT_PROTOTYPES = YES;
				CLANG_WARN_SUSPICIOUS_MOVE = YES;
				CLANG_WARN_UNGUARDED_AVAILABILITY = YES_AGGRESSIVE;
				CLANG_WARN_UNREACHABLE_CODE = YES;
				CLANG_WARN__DUPLICATE_METHOD_MATCH = YES;
				COPY_PHASE_STRIP = NO;
				DEBUG_INFORMATION_FORMAT = "dwarf-with-dsym";
				ENABLE_NS_ASSERTIONS = NO;
				ENABLE_STRICT_OBJC_MSGSEND = YES;
				GCC_C_LANGUAGE_STANDARD = gnu11;
				GCC_NO_COMMON_BLOCKS = YES;
				GCC_WARN_64_TO_32_BIT_CONVERSION = YES;
				GCC_WARN_ABOUT_RETURN_TYPE = YES_ERROR;
				GCC_WARN_UNDECLARED_SELECTOR = YES;
				GCC_WARN_UNINITIALIZED_AUTOS = YES_AGGRESSIVE;
				GCC_WARN_UNUSED_FUNCTION = YES;
				GCC_WARN_UNUSED_VARIABLE = YES;
				IPHONEOS_DEPLOYMENT_TARGET = 14.0;
				MTL_ENABLE_DEBUG_INFO = NO;
				MTL_FAST_MATH = YES;
				SDKROOT = iphoneos;
				SWIFT_COMPILATION_MODE = wholemodule;
				SWIFT_OPTIMIZATION_LEVEL = "-O";
				VALIDATE_PRODUCT = YES;
			};
			name = Release;
		};
		F2FF329C251B17FC00AEF4F4 /* Debug */ = {
			isa = XCBuildConfiguration;
			baseConfigurationReference = 931EB3A3CC030C323E0D0319 /* Pods-NoraONI.debug.xcconfig */;
			buildSettings = {
				ASSETCATALOG_COMPILER_APPICON_NAME = AppIcon;
				ASSETCATALOG_COMPILER_GLOBAL_ACCENT_COLOR_NAME = AccentColor;
				CODE_SIGN_STYLE = Automatic;
				DEVELOPMENT_TEAM = 73V56U6U9R;
				INFOPLIST_FILE = NoraONI/Info.plist;
				LD_RUNPATH_SEARCH_PATHS = (
					"$(inherited)",
					"@executable_path/Frameworks",
				);
				PRODUCT_BUNDLE_IDENTIFIER = agachan.tokyo.NoraONI;
				PRODUCT_NAME = "$(TARGET_NAME)";
				SWIFT_VERSION = 5.0;
				TARGETED_DEVICE_FAMILY = "1,2";
			};
			name = Debug;
		};
		F2FF329D251B17FC00AEF4F4 /* Release */ = {
			isa = XCBuildConfiguration;
			baseConfigurationReference = FF9A8CBD2BAB70F3DED71903 /* Pods-NoraONI.release.xcconfig */;
			buildSettings = {
				ASSETCATALOG_COMPILER_APPICON_NAME = AppIcon;
				ASSETCATALOG_COMPILER_GLOBAL_ACCENT_COLOR_NAME = AccentColor;
				CODE_SIGN_STYLE = Automatic;
				DEVELOPMENT_TEAM = 73V56U6U9R;
				INFOPLIST_FILE = NoraONI/Info.plist;
				LD_RUNPATH_SEARCH_PATHS = (
					"$(inherited)",
					"@executable_path/Frameworks",
				);
				PRODUCT_BUNDLE_IDENTIFIER = agachan.tokyo.NoraONI;
				PRODUCT_NAME = "$(TARGET_NAME)";
				SWIFT_VERSION = 5.0;
				TARGETED_DEVICE_FAMILY = "1,2";
			};
			name = Release;
		};
		F2FF329F251B17FC00AEF4F4 /* Debug */ = {
			isa = XCBuildConfiguration;
			baseConfigurationReference = 25713B29E0C68FCC32A62743 /* Pods-NoraONITests.debug.xcconfig */;
			buildSettings = {
				ALWAYS_EMBED_SWIFT_STANDARD_LIBRARIES = YES;
				BUNDLE_LOADER = "$(TEST_HOST)";
				CODE_SIGN_STYLE = Automatic;
				DEVELOPMENT_TEAM = 73V56U6U9R;
				INFOPLIST_FILE = NoraONITests/Info.plist;
				IPHONEOS_DEPLOYMENT_TARGET = 14.0;
				LD_RUNPATH_SEARCH_PATHS = (
					"$(inherited)",
					"@executable_path/Frameworks",
					"@loader_path/Frameworks",
				);
				PRODUCT_BUNDLE_IDENTIFIER = agachan.tokyo.NoraONITests;
				PRODUCT_NAME = "$(TARGET_NAME)";
				SWIFT_VERSION = 5.0;
				TARGETED_DEVICE_FAMILY = "1,2";
				TEST_HOST = "$(BUILT_PRODUCTS_DIR)/NoraONI.app/NoraONI";
			};
			name = Debug;
		};
		F2FF32A0251B17FC00AEF4F4 /* Release */ = {
			isa = XCBuildConfiguration;
			baseConfigurationReference = BC11CDBF33637D0EE54A0C1D /* Pods-NoraONITests.release.xcconfig */;
			buildSettings = {
				ALWAYS_EMBED_SWIFT_STANDARD_LIBRARIES = YES;
				BUNDLE_LOADER = "$(TEST_HOST)";
				CODE_SIGN_STYLE = Automatic;
				DEVELOPMENT_TEAM = 73V56U6U9R;
				INFOPLIST_FILE = NoraONITests/Info.plist;
				IPHONEOS_DEPLOYMENT_TARGET = 14.0;
				LD_RUNPATH_SEARCH_PATHS = (
					"$(inherited)",
					"@executable_path/Frameworks",
					"@loader_path/Frameworks",
				);
				PRODUCT_BUNDLE_IDENTIFIER = agachan.tokyo.NoraONITests;
				PRODUCT_NAME = "$(TARGET_NAME)";
				SWIFT_VERSION = 5.0;
				TARGETED_DEVICE_FAMILY = "1,2";
				TEST_HOST = "$(BUILT_PRODUCTS_DIR)/NoraONI.app/NoraONI";
			};
			name = Release;
		};
		F2FF32A2251B17FC00AEF4F4 /* Debug */ = {
			isa = XCBuildConfiguration;
			baseConfigurationReference = 1FB5A323FC3B77675396D1C1 /* Pods-NoraONI-NoraONIUITests.debug.xcconfig */;
			buildSettings = {
				ALWAYS_EMBED_SWIFT_STANDARD_LIBRARIES = YES;
				CODE_SIGN_STYLE = Automatic;
				DEVELOPMENT_TEAM = 73V56U6U9R;
				INFOPLIST_FILE = NoraONIUITests/Info.plist;
				LD_RUNPATH_SEARCH_PATHS = (
					"$(inherited)",
					"@executable_path/Frameworks",
					"@loader_path/Frameworks",
				);
				PRODUCT_BUNDLE_IDENTIFIER = agachan.tokyo.NoraONIUITests;
				PRODUCT_NAME = "$(TARGET_NAME)";
				SWIFT_VERSION = 5.0;
				TARGETED_DEVICE_FAMILY = "1,2";
				TEST_TARGET_NAME = NoraONI;
			};
			name = Debug;
		};
		F2FF32A3251B17FC00AEF4F4 /* Release */ = {
			isa = XCBuildConfiguration;
			baseConfigurationReference = 0F6CE6C55709E8511A173A09 /* Pods-NoraONI-NoraONIUITests.release.xcconfig */;
			buildSettings = {
				ALWAYS_EMBED_SWIFT_STANDARD_LIBRARIES = YES;
				CODE_SIGN_STYLE = Automatic;
				DEVELOPMENT_TEAM = 73V56U6U9R;
				INFOPLIST_FILE = NoraONIUITests/Info.plist;
				LD_RUNPATH_SEARCH_PATHS = (
					"$(inherited)",
					"@executable_path/Frameworks",
					"@loader_path/Frameworks",
				);
				PRODUCT_BUNDLE_IDENTIFIER = agachan.tokyo.NoraONIUITests;
				PRODUCT_NAME = "$(TARGET_NAME)";
				SWIFT_VERSION = 5.0;
				TARGETED_DEVICE_FAMILY = "1,2";
				TEST_TARGET_NAME = NoraONI;
			};
			name = Release;
		};
/* End XCBuildConfiguration section */

/* Begin XCConfigurationList section */
		F2FF326C251B17FA00AEF4F4 /* Build configuration list for PBXProject "NoraONI" */ = {
			isa = XCConfigurationList;
			buildConfigurations = (
				F2FF3299251B17FC00AEF4F4 /* Debug */,
				F2FF329A251B17FC00AEF4F4 /* Release */,
			);
			defaultConfigurationIsVisible = 0;
			defaultConfigurationName = Release;
		};
		F2FF329B251B17FC00AEF4F4 /* Build configuration list for PBXNativeTarget "NoraONI" */ = {
			isa = XCConfigurationList;
			buildConfigurations = (
				F2FF329C251B17FC00AEF4F4 /* Debug */,
				F2FF329D251B17FC00AEF4F4 /* Release */,
			);
			defaultConfigurationIsVisible = 0;
			defaultConfigurationName = Release;
		};
		F2FF329E251B17FC00AEF4F4 /* Build configuration list for PBXNativeTarget "NoraONITests" */ = {
			isa = XCConfigurationList;
			buildConfigurations = (
				F2FF329F251B17FC00AEF4F4 /* Debug */,
				F2FF32A0251B17FC00AEF4F4 /* Release */,
			);
			defaultConfigurationIsVisible = 0;
			defaultConfigurationName = Release;
		};
		F2FF32A1251B17FC00AEF4F4 /* Build configuration list for PBXNativeTarget "NoraONIUITests" */ = {
			isa = XCConfigurationList;
			buildConfigurations = (
				F2FF32A2251B17FC00AEF4F4 /* Debug */,
				F2FF32A3251B17FC00AEF4F4 /* Release */,
			);
			defaultConfigurationIsVisible = 0;
			defaultConfigurationName = Release;
		};
/* End XCConfigurationList section */
	};
	rootObject = F2FF3269251B17FA00AEF4F4 /* Project object */;
}
