// !$*UTF8*$!
{
	archiveVersion = 1;
	classes = {
	};
	objectVersion = 50;
	objects = {

/* Begin PBXBuildFile section */
		F2FF3275251B17FA00AEF4F4 /* AppDelegate.swift in Sources */ = {isa = PBXBuildFile; fileRef = F2FF3274251B17FA00AEF4F4 /* AppDelegate.swift */; };
		F2FF3277251B17FA00AEF4F4 /* SceneDelegate.swift in Sources */ = {isa = PBXBuildFile; fileRef = F2FF3276251B17FA00AEF4F4 /* SceneDelegate.swift */; };
		F2FF3279251B17FA00AEF4F4 /* ViewController.swift in Sources */ = {isa = PBXBuildFile; fileRef = F2FF3278251B17FA00AEF4F4 /* ViewController.swift */; };
		F2FF327C251B17FA00AEF4F4 /* Main.storyboard in Resources */ = {isa = PBXBuildFile; fileRef = F2FF327A251B17FA00AEF4F4 /* Main.storyboard */; };
		F2FF327E251B17FC00AEF4F4 /* Assets.xcassets in Resources */ = {isa = PBXBuildFile; fileRef = F2FF327D251B17FC00AEF4F4 /* Assets.xcassets */; };
		F2FF3281251B17FC00AEF4F4 /* LaunchScreen.storyboard in Resources */ = {isa = PBXBuildFile; fileRef = F2FF327F251B17FC00AEF4F4 /* LaunchScreen.storyboard */; };
		F2FF328C251B17FC00AEF4F4 /* NoraONITests.swift in Sources */ = {isa = PBXBuildFile; fileRef = F2FF328B251B17FC00AEF4F4 /* NoraONITests.swift */; };
		F2FF3297251B17FC00AEF4F4 /* NoraONIUITests.swift in Sources */ = {isa = PBXBuildFile; fileRef = F2FF3296251B17FC00AEF4F4 /* NoraONIUITests.swift */; };
/* End PBXBuildFile section */

/* Begin PBXContainerItemProxy section */
		F2FF3288251B17FC00AEF4F4 /* PBXContainerItemProxy */ = {
			isa = PBXContainerItemProxy;
			containerPortal = F2FF3269251B17FA00AEF4F4 /* Project object */;
			proxyType = 1;
			remoteGlobalIDString = F2FF3270251B17FA00AEF4F4;
			remoteInfo = NoraONI;
		};
		F2FF3293251B17FC00AEF4F4 /* PBXContainerItemProxy */ = {
			isa = PBXContainerItemProxy;
			containerPortal = F2FF3269251B17FA00AEF4F4 /* Project object */;
			proxyType = 1;
			remoteGlobalIDString = F2FF3270251B17FA00AEF4F4;
			remoteInfo = NoraONI;
		};
/* End PBXContainerItemProxy section */

/* Begin PBXFileReference section */
		F2FF3271251B17FA00AEF4F4 /* NoraONI.app */ = {isa = PBXFileReference; explicitFileType = wrapper.application; includeInIndex = 0; path = NoraONI.app; sourceTree = BUILT_PRODUCTS_DIR; };
		F2FF3274251B17FA00AEF4F4 /* AppDelegate.swift */ = {isa = PBXFileReference; lastKnownFileType = sourcecode.swift; path = AppDelegate.swift; sourceTree = "<group>"; };
		F2FF3276251B17FA00AEF4F4 /* SceneDelegate.swift */ = {isa = PBXFileReference; lastKnownFileType = sourcecode.swift; path = SceneDelegate.swift; sourceTree = "<group>"; };
		F2FF3278251B17FA00AEF4F4 /* ViewController.swift */ = {isa = PBXFileReference; lastKnownFileType = sourcecode.swift; path = ViewController.swift; sourceTree = "<group>"; };
		F2FF327B251B17FA00AEF4F4 /* Base */ = {isa = PBXFileReference; lastKnownFileType = file.storyboard; name = Base; path = Base.lproj/Main.storyboard; sourceTree = "<group>"; };
		F2FF327D251B17FC00AEF4F4 /* Assets.xcassets */ = {isa = PBXFileReference; lastKnownFileType = folder.assetcatalog; path = Assets.xcassets; sourceTree = "<group>"; };
		F2FF3280251B17FC00AEF4F4 /* Base */ = {isa = PBXFileReference; lastKnownFileType = file.storyboard; name = Base; path = Base.lproj/LaunchScreen.storyboard; sourceTree = "<group>"; };
		F2FF3282251B17FC00AEF4F4 /* Info.plist */ = {isa = PBXFileReference; lastKnownFileType = text.plist.xml; path = Info.plist; sourceTree = "<group>"; };
		F2FF3287251B17FC00AEF4F4 /* NoraONITests.xctest */ = {isa = PBXFileReference; explicitFileType = wrapper.cfbundle; includeInIndex = 0; path = NoraONITests.xctest; sourceTree = BUILT_PRODUCTS_DIR; };
		F2FF328B251B17FC00AEF4F4 /* NoraONITests.swift */ = {isa = PBXFileReference; lastKnownFileType = sourcecode.swift; path = NoraONITests.swift; sourceTree = "<group>"; };
		F2FF328D251B17FC00AEF4F4 /* Info.plist */ = {isa = PBXFileReference; lastKnownFileType = text.plist.xml; path = Info.plist; sourceTree = "<group>"; };
		F2FF3292251B17FC00AEF4F4 /* NoraONIUITests.xctest */ = {isa = PBXFileReference; explicitFileType = wrapper.cfbundle; includeInIndex = 0; path = NoraONIUITests.xctest; sourceTree = BUILT_PRODUCTS_DIR; };
		F2FF3296251B17FC00AEF4F4 /* NoraONIUITests.swift */ = {isa = PBXFileReference; lastKnownFileType = sourcecode.swift; path = NoraONIUITests.swift; sourceTree = "<group>"; };
		F2FF3298251B17FC00AEF4F4 /* Info.plist */ = {isa = PBXFileReference; lastKnownFileType = text.plist.xml; path = Info.plist; sourceTree = "<group>"; };
/* End PBXFileReference section */

/* Begin PBXFrameworksBuildPhase section */
		F2FF326E251B17FA00AEF4F4 /* Frameworks */ = {
			isa = PBXFrameworksBuildPhase;
			buildActionMask = 2147483647;
			files = (
			);
			runOnlyForDeploymentPostprocessing = 0;
		};
		F2FF3284251B17FC00AEF4F4 /* Frameworks */ = {
			isa = PBXFrameworksBuildPhase;
			buildActionMask = 2147483647;
			files = (
			);
			runOnlyForDeploymentPostprocessing = 0;
		};
		F2FF328F251B17FC00AEF4F4 /* Frameworks */ = {
			isa = PBXFrameworksBuildPhase;
			buildActionMask = 2147483647;
			files = (
			);
			runOnlyForDeploymentPostprocessing = 0;
		};
/* End PBXFrameworksBuildPhase section */

/* Begin PBXGroup section */
		F2FF3268251B17FA00AEF4F4 = {
			isa = PBXGroup;
			children = (
				F2FF3273251B17FA00AEF4F4 /* NoraONI */,
				F2FF328A251B17FC00AEF4F4 /* NoraONITests */,
				F2FF3295251B17FC00AEF4F4 /* NoraONIUITests */,
				F2FF3272251B17FA00AEF4F4 /* Products */,
			);
			sourceTree = "<group>";
		};
		F2FF3272251B17FA00AEF4F4 /* Products */ = {
			isa = PBXGroup;
			children = (
				F2FF3271251B17FA00AEF4F4 /* NoraONI.app */,
				F2FF3287251B17FC00AEF4F4 /* NoraONITests.xctest */,
				F2FF3292251B17FC00AEF4F4 /* NoraONIUITests.xctest */,
			);
			name = Products;
			sourceTree = "<group>";
		};
		F2FF3273251B17FA00AEF4F4 /* NoraONI */ = {
			isa = PBXGroup;
			children = (
				F2FF3274251B17FA00AEF4F4 /* AppDelegate.swift */,
				F2FF3276251B17FA00AEF4F4 /* SceneDelegate.swift */,
				F2FF3278251B17FA00AEF4F4 /* ViewController.swift */,
				F2FF327A251B17FA00AEF4F4 /* Main.storyboard */,
				F2FF327D251B17FC00AEF4F4 /* Assets.xcassets */,
				F2FF327F251B17FC00AEF4F4 /* LaunchScreen.storyboard */,
				F2FF3282251B17FC00AEF4F4 /* Info.plist */,
			);
			path = NoraONI;
			sourceTree = "<group>";
		};
		F2FF328A251B17FC00AEF4F4 /* NoraONITests */ = {
			isa = PBXGroup;
			children = (
				F2FF328B251B17FC00AEF4F4 /* NoraONITests.swift */,
				F2FF328D251B17FC00AEF4F4 /* Info.plist */,
			);
			path = NoraONITests;
			sourceTree = "<group>";
		};
		F2FF3295251B17FC00AEF4F4 /* NoraONIUITests */ = {
			isa = PBXGroup;
			children = (
				F2FF3296251B17FC00AEF4F4 /* NoraONIUITests.swift */,
				F2FF3298251B17FC00AEF4F4 /* Info.plist */,
			);
			path = NoraONIUITests;
			sourceTree = "<group>";
		};
/* End PBXGroup section */

/* Begin PBXNativeTarget section */
		F2FF3270251B17FA00AEF4F4 /* NoraONI */ = {
			isa = PBXNativeTarget;
			buildConfigurationList = F2FF329B251B17FC00AEF4F4 /* Build configuration list for PBXNativeTarget "NoraONI" */;
			buildPhases = (
				F2FF326D251B17FA00AEF4F4 /* Sources */,
				F2FF326E251B17FA00AEF4F4 /* Frameworks */,
				F2FF326F251B17FA00AEF4F4 /* Resources */,
			);
			buildRules = (
			);
			dependencies = (
			);
			name = NoraONI;
			productName = NoraONI;
			productReference = F2FF3271251B17FA00AEF4F4 /* NoraONI.app */;
			productType = "com.apple.product-type.application";
		};
		F2FF3286251B17FC00AEF4F4 /* NoraONITests */ = {
			isa = PBXNativeTarget;
			buildConfigurationList = F2FF329E251B17FC00AEF4F4 /* Build configuration list for PBXNativeTarget "NoraONITests" */;
			buildPhases = (
				F2FF3283251B17FC00AEF4F4 /* Sources */,
				F2FF3284251B17FC00AEF4F4 /* Frameworks */,
				F2FF3285251B17FC00AEF4F4 /* Resources */,
			);
			buildRules = (
			);
			dependencies = (
				F2FF3289251B17FC00AEF4F4 /* PBXTargetDependency */,
			);
			name = NoraONITests;
			productName = NoraONITests;
			productReference = F2FF3287251B17FC00AEF4F4 /* NoraONITests.xctest */;
			productType = "com.apple.product-type.bundle.unit-test";
		};
		F2FF3291251B17FC00AEF4F4 /* NoraONIUITests */ = {
			isa = PBXNativeTarget;
			buildConfigurationList = F2FF32A1251B17FC00AEF4F4 /* Build configuration list for PBXNativeTarget "NoraONIUITests" */;
			buildPhases = (
				F2FF328E251B17FC00AEF4F4 /* Sources */,
				F2FF328F251B17FC00AEF4F4 /* Frameworks */,
				F2FF3290251B17FC00AEF4F4 /* Resources */,
			);
			buildRules = (
			);
			dependencies = (
				F2FF3294251B17FC00AEF4F4 /* PBXTargetDependency */,
			);
			name = NoraONIUITests;
			productName = NoraONIUITests;
			productReference = F2FF3292251B17FC00AEF4F4 /* NoraONIUITests.xctest */;
			productType = "com.apple.product-type.bundle.ui-testing";
		};
/* End PBXNativeTarget section */

/* Begin PBXProject section */
		F2FF3269251B17FA00AEF4F4 /* Project object */ = {
			isa = PBXProject;
			attributes = {
				LastSwiftUpdateCheck = 1200;
				LastUpgradeCheck = 1200;
				TargetAttributes = {
					F2FF3270251B17FA00AEF4F4 = {
						CreatedOnToolsVersion = 12.0;
					};
					F2FF3286251B17FC00AEF4F4 = {
						CreatedOnToolsVersion = 12.0;
						TestTargetID = F2FF3270251B17FA00AEF4F4;
					};
					F2FF3291251B17FC00AEF4F4 = {
						CreatedOnToolsVersion = 12.0;
						TestTargetID = F2FF3270251B17FA00AEF4F4;
					};
				};
			};
			buildConfigurationList = F2FF326C251B17FA00AEF4F4 /* Build configuration list for PBXProject "NoraONI" */;
			compatibilityVersion = "Xcode 9.3";
			developmentRegion = en;
			hasScannedForEncodings = 0;
			knownRegions = (
				en,
				Base,
			);
			mainGroup = F2FF3268251B17FA00AEF4F4;
			productRefGroup = F2FF3272251B17FA00AEF4F4 /* Products */;
			projectDirPath = "";
			projectRoot = "";
			targets = (
				F2FF3270251B17FA00AEF4F4 /* NoraONI */,
				F2FF3286251B17FC00AEF4F4 /* NoraONITests */,
				F2FF3291251B17FC00AEF4F4 /* NoraONIUITests */,
			);
		};
/* End PBXProject section */

/* Begin PBXResourcesBuildPhase section */
		F2FF326F251B17FA00AEF4F4 /* Resources */ = {
			isa = PBXResourcesBuildPhase;
			buildActionMask = 2147483647;
			files = (
				F2FF3281251B17FC00AEF4F4 /* LaunchScreen.storyboard in Resources */,
				F2FF327E251B17FC00AEF4F4 /* Assets.xcassets in Resources */,
				F2FF327C251B17FA00AEF4F4 /* Main.storyboard in Resources */,
			);
			runOnlyForDeploymentPostprocessing = 0;
		};
		F2FF3285251B17FC00AEF4F4 /* Resources */ = {
			isa = PBXResourcesBuildPhase;
			buildActionMask = 2147483647;
			files = (
			);
			runOnlyForDeploymentPostprocessing = 0;
		};
		F2FF3290251B17FC00AEF4F4 /* Resources */ = {
			isa = PBXResourcesBuildPhase;
			buildActionMask = 2147483647;
			files = (
			);
			runOnlyForDeploymentPostprocessing = 0;
		};
/* End PBXResourcesBuildPhase section */

/* Begin PBXSourcesBuildPhase section */
		F2FF326D251B17FA00AEF4F4 /* Sources */ = {
			isa = PBXSourcesBuildPhase;
			buildActionMask = 2147483647;
			files = (
				F2FF3279251B17FA00AEF4F4 /* ViewController.swift in Sources */,
				F2FF3275251B17FA00AEF4F4 /* AppDelegate.swift in Sources */,
				F2FF3277251B17FA00AEF4F4 /* SceneDelegate.swift in Sources */,
			);
			runOnlyForDeploymentPostprocessing = 0;
		};
		F2FF3283251B17FC00AEF4F4 /* Sources */ = {
			isa = PBXSourcesBuildPhase;
			buildActionMask = 2147483647;
			files = (
				F2FF328C251B17FC00AEF4F4 /* NoraONITests.swift in Sources */,
			);
			runOnlyForDeploymentPostprocessing = 0;
		};
		F2FF328E251B17FC00AEF4F4 /* Sources */ = {
			isa = PBXSourcesBuildPhase;
			buildActionMask = 2147483647;
			files = (
				F2FF3297251B17FC00AEF4F4 /* NoraONIUITests.swift in Sources */,
			);
			runOnlyForDeploymentPostprocessing = 0;
		};
/* End PBXSourcesBuildPhase section */

/* Begin PBXTargetDependency section */
		F2FF3289251B17FC00AEF4F4 /* PBXTargetDependency */ = {
			isa = PBXTargetDependency;
			target = F2FF3270251B17FA00AEF4F4 /* NoraONI */;
			targetProxy = F2FF3288251B17FC00AEF4F4 /* PBXContainerItemProxy */;
		};
		F2FF3294251B17FC00AEF4F4 /* PBXTargetDependency */ = {
			isa = PBXTargetDependency;
			target = F2FF3270251B17FA00AEF4F4 /* NoraONI */;
			targetProxy = F2FF3293251B17FC00AEF4F4 /* PBXContainerItemProxy */;
		};
/* End PBXTargetDependency section */

/* Begin PBXVariantGroup section */
		F2FF327A251B17FA00AEF4F4 /* Main.storyboard */ = {
			isa = PBXVariantGroup;
			children = (
				F2FF327B251B17FA00AEF4F4 /* Base */,
			);
			name = Main.storyboard;
			sourceTree = "<group>";
		};
		F2FF327F251B17FC00AEF4F4 /* LaunchScreen.storyboard */ = {
			isa = PBXVariantGroup;
			children = (
				F2FF3280251B17FC00AEF4F4 /* Base */,
			);
			name = LaunchScreen.storyboard;
			sourceTree = "<group>";
		};
/* End PBXVariantGroup section */

/* Begin XCBuildConfiguration section */
		F2FF3299251B17FC00AEF4F4 /* Debug */ = {
			isa = XCBuildConfiguration;
			buildSettings = {
				ALWAYS_SEARCH_USER_PATHS = NO;
				CLANG_ANALYZER_NONNULL = YES;
				CLANG_ANALYZER_NUMBER_OBJECT_CONVERSION = YES_AGGRESSIVE;
				CLANG_CXX_LANGUAGE_STANDARD = "gnu++14";
				CLANG_CXX_LIBRARY = "libc++";
				CLANG_ENABLE_MODULES = YES;
				CLANG_ENABLE_OBJC_ARC = YES;
				CLANG_ENABLE_OBJC_WEAK = YES;
				CLANG_WARN_BLOCK_CAPTURE_AUTORELEASING = YES;
				CLANG_WARN_BOOL_CONVERSION = YES;
				CLANG_WARN_COMMA = YES;
				CLANG_WARN_CONSTANT_CONVERSION = YES;
				CLANG_WARN_DEPRECATED_OBJC_IMPLEMENTATIONS = YES;
				CLANG_WARN_DIRECT_OBJC_ISA_USAGE = YES_ERROR;
				CLANG_WARN_DOCUMENTATION_COMMENTS = YES;
				CLANG_WARN_EMPTY_BODY = YES;
				CLANG_WARN_ENUM_CONVERSION = YES;
				CLANG_WARN_INFINITE_RECURSION = YES;
				CLANG_WARN_INT_CONVERSION = YES;
				CLANG_WARN_NON_LITERAL_NULL_CONVERSION = YES;
				CLANG_WARN_OBJC_IMPLICIT_RETAIN_SELF = YES;
				CLANG_WARN_OBJC_LITERAL_CONVERSION = YES;
				CLANG_WARN_OBJC_ROOT_CLASS = YES_ERROR;
				CLANG_WARN_QUOTED_INCLUDE_IN_FRAMEWORK_HEADER = YES;
				CLANG_WARN_RANGE_LOOP_ANALYSIS = YES;
				CLANG_WARN_STRICT_PROTOTYPES = YES;
				CLANG_WARN_SUSPICIOUS_MOVE = YES;
				CLANG_WARN_UNGUARDED_AVAILABILITY = YES_AGGRESSIVE;
				CLANG_WARN_UNREACHABLE_CODE = YES;
				CLANG_WARN__DUPLICATE_METHOD_MATCH = YES;
				COPY_PHASE_STRIP = NO;
				DEBUG_INFORMATION_FORMAT = dwarf;
				ENABLE_STRICT_OBJC_MSGSEND = YES;
				ENABLE_TESTABILITY = YES;
				GCC_C_LANGUAGE_STANDARD = gnu11;
				GCC_DYNAMIC_NO_PIC = NO;
				GCC_NO_COMMON_BLOCKS = YES;
				GCC_OPTIMIZATION_LEVEL = 0;
				GCC_PREPROCESSOR_DEFINITIONS = (
					"DEBUG=1",
					"$(inherited)",
				);
				GCC_WARN_64_TO_32_BIT_CONVERSION = YES;
				GCC_WARN_ABOUT_RETURN_TYPE = YES_ERROR;
				GCC_WARN_UNDECLARED_SELECTOR = YES;
				GCC_WARN_UNINITIALIZED_AUTOS = YES_AGGRESSIVE;
				GCC_WARN_UNUSED_FUNCTION = YES;
				GCC_WARN_UNUSED_VARIABLE = YES;
				IPHONEOS_DEPLOYMENT_TARGET = 14.0;
				MTL_ENABLE_DEBUG_INFO = INCLUDE_SOURCE;
				MTL_FAST_MATH = YES;
				ONLY_ACTIVE_ARCH = YES;
				SDKROOT = iphoneos;
				SWIFT_ACTIVE_COMPILATION_CONDITIONS = DEBUG;
				SWIFT_OPTIMIZATION_LEVEL = "-Onone";
			};
			name = Debug;
		};
		F2FF329A251B17FC00AEF4F4 /* Release */ = {
			isa = XCBuildConfiguration;
			buildSettings = {
				ALWAYS_SEARCH_USER_PATHS = NO;
				CLANG_ANALYZER_NONNULL = YES;
				CLANG_ANALYZER_NUMBER_OBJECT_CONVERSION = YES_AGGRESSIVE;
				CLANG_CXX_LANGUAGE_STANDARD = "gnu++14";
				CLANG_CXX_LIBRARY = "libc++";
				CLANG_ENABLE_MODULES = YES;
				CLANG_ENABLE_OBJC_ARC = YES;
				CLANG_ENABLE_OBJC_WEAK = YES;
				CLANG_WARN_BLOCK_CAPTURE_AUTORELEASING = YES;
				CLANG_WARN_BOOL_CONVERSION = YES;
				CLANG_WARN_COMMA = YES;
				CLANG_WARN_CONSTANT_CONVERSION = YES;
				CLANG_WARN_DEPRECATED_OBJC_IMPLEMENTATIONS = YES;
				CLANG_WARN_DIRECT_OBJC_ISA_USAGE = YES_ERROR;
				CLANG_WARN_DOCUMENTATION_COMMENTS = YES;
				CLANG_WARN_EMPTY_BODY = YES;
				CLANG_WARN_ENUM_CONVERSION = YES;
				CLANG_WARN_INFINITE_RECURSION = YES;
				CLANG_WARN_INT_CONVERSION = YES;
				CLANG_WARN_NON_LITERAL_NULL_CONVERSION = YES;
				CLANG_WARN_OBJC_IMPLICIT_RETAIN_SELF = YES;
				CLANG_WARN_OBJC_LITERAL_CONVERSION = YES;
				CLANG_WARN_OBJC_ROOT_CLASS = YES_ERROR;
				CLANG_WARN_QUOTED_INCLUDE_IN_FRAMEWORK_HEADER = YES;
				CLANG_WARN_RANGE_LOOP_ANALYSIS = YES;
				CLANG_WARN_STRICT_PROTOTYPES = YES;
				CLANG_WARN_SUSPICIOUS_MOVE = YES;
				CLANG_WARN_UNGUARDED_AVAILABILITY = YES_AGGRESSIVE;
				CLANG_WARN_UNREACHABLE_CODE = YES;
				CLANG_WARN__DUPLICATE_METHOD_MATCH = YES;
				COPY_PHASE_STRIP = NO;
				DEBUG_INFORMATION_FORMAT = "dwarf-with-dsym";
				ENABLE_NS_ASSERTIONS = NO;
				ENABLE_STRICT_OBJC_MSGSEND = YES;
				GCC_C_LANGUAGE_STANDARD = gnu11;
				GCC_NO_COMMON_BLOCKS = YES;
				GCC_WARN_64_TO_32_BIT_CONVERSION = YES;
				GCC_WARN_ABOUT_RETURN_TYPE = YES_ERROR;
				GCC_WARN_UNDECLARED_SELECTOR = YES;
				GCC_WARN_UNINITIALIZED_AUTOS = YES_AGGRESSIVE;
				GCC_WARN_UNUSED_FUNCTION = YES;
				GCC_WARN_UNUSED_VARIABLE = YES;
				IPHONEOS_DEPLOYMENT_TARGET = 14.0;
				MTL_ENABLE_DEBUG_INFO = NO;
				MTL_FAST_MATH = YES;
				SDKROOT = iphoneos;
				SWIFT_COMPILATION_MODE = wholemodule;
				SWIFT_OPTIMIZATION_LEVEL = "-O";
				VALIDATE_PRODUCT = YES;
			};
			name = Release;
		};
		F2FF329C251B17FC00AEF4F4 /* Debug */ = {
			isa = XCBuildConfiguration;
			buildSettings = {
				ASSETCATALOG_COMPILER_APPICON_NAME = AppIcon;
				ASSETCATALOG_COMPILER_GLOBAL_ACCENT_COLOR_NAME = AccentColor;
				CODE_SIGN_STYLE = Automatic;
				DEVELOPMENT_TEAM = 73V56U6U9R;
				INFOPLIST_FILE = NoraONI/Info.plist;
				LD_RUNPATH_SEARCH_PATHS = (
					"$(inherited)",
					"@executable_path/Frameworks",
				);
				PRODUCT_BUNDLE_IDENTIFIER = agachan.tokyo.NoraONI;
				PRODUCT_NAME = "$(TARGET_NAME)";
				SWIFT_VERSION = 5.0;
				TARGETED_DEVICE_FAMILY = "1,2";
			};
			name = Debug;
		};
		F2FF329D251B17FC00AEF4F4 /* Release */ = {
			isa = XCBuildConfiguration;
			buildSettings = {
				ASSETCATALOG_COMPILER_APPICON_NAME = AppIcon;
				ASSETCATALOG_COMPILER_GLOBAL_ACCENT_COLOR_NAME = AccentColor;
				CODE_SIGN_STYLE = Automatic;
				DEVELOPMENT_TEAM = 73V56U6U9R;
				INFOPLIST_FILE = NoraONI/Info.plist;
				LD_RUNPATH_SEARCH_PATHS = (
					"$(inherited)",
					"@executable_path/Frameworks",
				);
				PRODUCT_BUNDLE_IDENTIFIER = agachan.tokyo.NoraONI;
				PRODUCT_NAME = "$(TARGET_NAME)";
				SWIFT_VERSION = 5.0;
				TARGETED_DEVICE_FAMILY = "1,2";
			};
			name = Release;
		};
		F2FF329F251B17FC00AEF4F4 /* Debug */ = {
			isa = XCBuildConfiguration;
			buildSettings = {
				ALWAYS_EMBED_SWIFT_STANDARD_LIBRARIES = YES;
				BUNDLE_LOADER = "$(TEST_HOST)";
				CODE_SIGN_STYLE = Automatic;
				DEVELOPMENT_TEAM = 73V56U6U9R;
				INFOPLIST_FILE = NoraONITests/Info.plist;
				IPHONEOS_DEPLOYMENT_TARGET = 14.0;
				LD_RUNPATH_SEARCH_PATHS = (
					"$(inherited)",
					"@executable_path/Frameworks",
					"@loader_path/Frameworks",
				);
				PRODUCT_BUNDLE_IDENTIFIER = agachan.tokyo.NoraONITests;
				PRODUCT_NAME = "$(TARGET_NAME)";
				SWIFT_VERSION = 5.0;
				TARGETED_DEVICE_FAMILY = "1,2";
				TEST_HOST = "$(BUILT_PRODUCTS_DIR)/NoraONI.app/NoraONI";
			};
			name = Debug;
		};
		F2FF32A0251B17FC00AEF4F4 /* Release */ = {
			isa = XCBuildConfiguration;
			buildSettings = {
				ALWAYS_EMBED_SWIFT_STANDARD_LIBRARIES = YES;
				BUNDLE_LOADER = "$(TEST_HOST)";
				CODE_SIGN_STYLE = Automatic;
				DEVELOPMENT_TEAM = 73V56U6U9R;
				INFOPLIST_FILE = NoraONITests/Info.plist;
				IPHONEOS_DEPLOYMENT_TARGET = 14.0;
				LD_RUNPATH_SEARCH_PATHS = (
					"$(inherited)",
					"@executable_path/Frameworks",
					"@loader_path/Frameworks",
				);
				PRODUCT_BUNDLE_IDENTIFIER = agachan.tokyo.NoraONITests;
				PRODUCT_NAME = "$(TARGET_NAME)";
				SWIFT_VERSION = 5.0;
				TARGETED_DEVICE_FAMILY = "1,2";
				TEST_HOST = "$(BUILT_PRODUCTS_DIR)/NoraONI.app/NoraONI";
			};
			name = Release;
		};
		F2FF32A2251B17FC00AEF4F4 /* Debug */ = {
			isa = XCBuildConfiguration;
			buildSettings = {
				ALWAYS_EMBED_SWIFT_STANDARD_LIBRARIES = YES;
				CODE_SIGN_STYLE = Automatic;
				DEVELOPMENT_TEAM = 73V56U6U9R;
				INFOPLIST_FILE = NoraONIUITests/Info.plist;
				LD_RUNPATH_SEARCH_PATHS = (
					"$(inherited)",
					"@executable_path/Frameworks",
					"@loader_path/Frameworks",
				);
				PRODUCT_BUNDLE_IDENTIFIER = agachan.tokyo.NoraONIUITests;
				PRODUCT_NAME = "$(TARGET_NAME)";
				SWIFT_VERSION = 5.0;
				TARGETED_DEVICE_FAMILY = "1,2";
				TEST_TARGET_NAME = NoraONI;
			};
			name = Debug;
		};
		F2FF32A3251B17FC00AEF4F4 /* Release */ = {
			isa = XCBuildConfiguration;
			buildSettings = {
				ALWAYS_EMBED_SWIFT_STANDARD_LIBRARIES = YES;
				CODE_SIGN_STYLE = Automatic;
				DEVELOPMENT_TEAM = 73V56U6U9R;
				INFOPLIST_FILE = NoraONIUITests/Info.plist;
				LD_RUNPATH_SEARCH_PATHS = (
					"$(inherited)",
					"@executable_path/Frameworks",
					"@loader_path/Frameworks",
				);
				PRODUCT_BUNDLE_IDENTIFIER = agachan.tokyo.NoraONIUITests;
				PRODUCT_NAME = "$(TARGET_NAME)";
				SWIFT_VERSION = 5.0;
				TARGETED_DEVICE_FAMILY = "1,2";
				TEST_TARGET_NAME = NoraONI;
			};
			name = Release;
		};
/* End XCBuildConfiguration section */

/* Begin XCConfigurationList section */
		F2FF326C251B17FA00AEF4F4 /* Build configuration list for PBXProject "NoraONI" */ = {
			isa = XCConfigurationList;
			buildConfigurations = (
				F2FF3299251B17FC00AEF4F4 /* Debug */,
				F2FF329A251B17FC00AEF4F4 /* Release */,
			);
			defaultConfigurationIsVisible = 0;
			defaultConfigurationName = Release;
		};
		F2FF329B251B17FC00AEF4F4 /* Build configuration list for PBXNativeTarget "NoraONI" */ = {
			isa = XCConfigurationList;
			buildConfigurations = (
				F2FF329C251B17FC00AEF4F4 /* Debug */,
				F2FF329D251B17FC00AEF4F4 /* Release */,
			);
			defaultConfigurationIsVisible = 0;
			defaultConfigurationName = Release;
		};
		F2FF329E251B17FC00AEF4F4 /* Build configuration list for PBXNativeTarget "NoraONITests" */ = {
			isa = XCConfigurationList;
			buildConfigurations = (
				F2FF329F251B17FC00AEF4F4 /* Debug */,
				F2FF32A0251B17FC00AEF4F4 /* Release */,
			);
			defaultConfigurationIsVisible = 0;
			defaultConfigurationName = Release;
		};
		F2FF32A1251B17FC00AEF4F4 /* Build configuration list for PBXNativeTarget "NoraONIUITests" */ = {
			isa = XCConfigurationList;
			buildConfigurations = (
				F2FF32A2251B17FC00AEF4F4 /* Debug */,
				F2FF32A3251B17FC00AEF4F4 /* Release */,
			);
			defaultConfigurationIsVisible = 0;
			defaultConfigurationName = Release;
		};
/* End XCConfigurationList section */
	};
	rootObject = F2FF3269251B17FA00AEF4F4 /* Project object */;
}
